
Microsoft Visual Studio Solution File, Format Version 12.00
# Visual Studio Version 17
VisualStudioVersion = 17.2.32505.173
MinimumVisualStudioVersion = 10.0.40219.1
Project("{9A19103F-16F7-4668-BE54-9A1E7A4F7556}") = "Cropper", "Cropper.csproj", "{F6E28D3F-9651-4AA1-8C31-48C01D19FD3D}"
EndProject
Project("{FAE04EC0-301F-11D3-BF4B-00C04F79EFBC}") = "WordLib", "..\_Libs\WordLib\WordLib.csproj", "{F2A45155-3092-449D-8DC4-AE97EEF796F0}"
EndProject
Global
	GlobalSection(SolutionConfigurationPlatforms) = preSolution
		Debug|Any CPU = Debug|Any CPU
		Release|Any CPU = Release|Any CPU
	EndGlobalSection
	GlobalSection(ProjectConfigurationPlatforms) = postSolution
		{F6E28D3F-9651-4AA1-8C31-48C01D19FD3D}.Debug|Any CPU.ActiveCfg = Debug|Any CPU
		{F6E28D3F-9651-4AA1-8C31-48C01D19FD3D}.Debug|Any CPU.Build.0 = Debug|Any CPU
		{F6E28D3F-9651-4AA1-8C31-48C01D19FD3D}.Release|Any CPU.ActiveCfg = Release|Any CPU
		{F6E28D3F-9651-4AA1-8C31-48C01D19FD3D}.Release|Any CPU.Build.0 = Release|Any CPU
		{F2A45155-3092-449D-8DC4-AE97EEF796F0}.Debug|Any CPU.ActiveCfg = Debug|Any CPU
		{F2A45155-3092-449D-8DC4-AE97EEF796F0}.Debug|Any CPU.Build.0 = Debug|Any CPU
		{F2A45155-3092-449D-8DC4-AE97EEF796F0}.Release|Any CPU.ActiveCfg = Release|Any CPU
		{F2A45155-3092-449D-8DC4-AE97EEF796F0}.Release|Any CPU.Build.0 = Release|Any CPU
	EndGlobalSection
	GlobalSection(SolutionProperties) = preSolution
		HideSolutionNode = FALSE
	EndGlobalSection
	GlobalSection(ExtensibilityGlobals) = postSolution
		SolutionGuid = {E97AA009-B6BA-4115-B11B-61C1D186FAEC}
	EndGlobalSection
EndGlobal
